// !$*UTF8*$!
{
	archiveVersion = 1;
	classes = {
	};
	objectVersion = 55;
	objects = {

/* Begin PBXBuildFile section */
		DA73DA3E286478C70051B60B /* CatsViewController.swift in Sources */ = {isa = PBXBuildFile; fileRef = DA73DA3D286478C70051B60B /* CatsViewController.swift */; };
		DA73DA4028647DA50051B60B /* SquareViewController.swift in Sources */ = {isa = PBXBuildFile; fileRef = DA73DA3F28647DA50051B60B /* SquareViewController.swift */; };
		DA73DA42286487220051B60B /* MoveCircleVIewController.swift in Sources */ = {isa = PBXBuildFile; fileRef = DA73DA41286487220051B60B /* MoveCircleVIewController.swift */; };
		DADB550F2861F42400C5D276 /* AppDelegate.swift in Sources */ = {isa = PBXBuildFile; fileRef = DADB550E2861F42400C5D276 /* AppDelegate.swift */; };
		DADB55112861F42400C5D276 /* SceneDelegate.swift in Sources */ = {isa = PBXBuildFile; fileRef = DADB55102861F42400C5D276 /* SceneDelegate.swift */; };
		DADB55132861F42400C5D276 /* ViewController.swift in Sources */ = {isa = PBXBuildFile; fileRef = DADB55122861F42400C5D276 /* ViewController.swift */; };
		DADB55162861F42400C5D276 /* Main.storyboard in Resources */ = {isa = PBXBuildFile; fileRef = DADB55142861F42400C5D276 /* Main.storyboard */; };
		DADB55182861F42500C5D276 /* Assets.xcassets in Resources */ = {isa = PBXBuildFile; fileRef = DADB55172861F42500C5D276 /* Assets.xcassets */; };
		DADB551B2861F42500C5D276 /* LaunchScreen.storyboard in Resources */ = {isa = PBXBuildFile; fileRef = DADB55192861F42500C5D276 /* LaunchScreen.storyboard */; };
/* End PBXBuildFile section */

/* Begin PBXFileReference section */
		DA73DA3D286478C70051B60B /* CatsViewController.swift */ = {isa = PBXFileReference; lastKnownFileType = sourcecode.swift; path = CatsViewController.swift; sourceTree = "<group>"; };
		DA73DA3F28647DA50051B60B /* SquareViewController.swift */ = {isa = PBXFileReference; lastKnownFileType = sourcecode.swift; path = SquareViewController.swift; sourceTree = "<group>"; };
		DA73DA41286487220051B60B /* MoveCircleVIewController.swift */ = {isa = PBXFileReference; lastKnownFileType = sourcecode.swift; path = MoveCircleVIewController.swift; sourceTree = "<group>"; };
		DADB550B2861F42400C5D276 /* Home work 6.app */ = {isa = PBXFileReference; explicitFileType = wrapper.application; includeInIndex = 0; path = "Home work 6.app"; sourceTree = BUILT_PRODUCTS_DIR; };
		DADB550E2861F42400C5D276 /* AppDelegate.swift */ = {isa = PBXFileReference; lastKnownFileType = sourcecode.swift; path = AppDelegate.swift; sourceTree = "<group>"; };
		DADB55102861F42400C5D276 /* SceneDelegate.swift */ = {isa = PBXFileReference; lastKnownFileType = sourcecode.swift; path = SceneDelegate.swift; sourceTree = "<group>"; };
		DADB55122861F42400C5D276 /* ViewController.swift */ = {isa = PBXFileReference; lastKnownFileType = sourcecode.swift; path = ViewController.swift; sourceTree = "<group>"; };
		DADB55152861F42400C5D276 /* Base */ = {isa = PBXFileReference; lastKnownFileType = file.storyboard; name = Base; path = Base.lproj/Main.storyboard; sourceTree = "<group>"; };
		DADB55172861F42500C5D276 /* Assets.xcassets */ = {isa = PBXFileReference; lastKnownFileType = folder.assetcatalog; path = Assets.xcassets; sourceTree = "<group>"; };
		DADB551A2861F42500C5D276 /* Base */ = {isa = PBXFileReference; lastKnownFileType = file.storyboard; name = Base; path = Base.lproj/LaunchScreen.storyboard; sourceTree = "<group>"; };
		DADB551C2861F42500C5D276 /* Info.plist */ = {isa = PBXFileReference; lastKnownFileType = text.plist.xml; path = Info.plist; sourceTree = "<group>"; };
/* End PBXFileReference section */

/* Begin PBXFrameworksBuildPhase section */
		DADB55082861F42400C5D276 /* Frameworks */ = {
			isa = PBXFrameworksBuildPhase;
			buildActionMask = 2147483647;
			files = (
			);
			runOnlyForDeploymentPostprocessing = 0;
		};
/* End PBXFrameworksBuildPhase section */

/* Begin PBXGroup section */
		DADB55022861F42400C5D276 = {
			isa = PBXGroup;
			children = (
				DADB550D2861F42400C5D276 /* Home work 6 */,
				DADB550C2861F42400C5D276 /* Products */,
			);
			sourceTree = "<group>";
		};
		DADB550C2861F42400C5D276 /* Products */ = {
			isa = PBXGroup;
			children = (
				DADB550B2861F42400C5D276 /* Home work 6.app */,
			);
			name = Products;
			sourceTree = "<group>";
		};
		DADB550D2861F42400C5D276 /* Home work 6 */ = {
			isa = PBXGroup;
			children = (
				DADB550E2861F42400C5D276 /* AppDelegate.swift */,
				DADB55102861F42400C5D276 /* SceneDelegate.swift */,
				DADB55122861F42400C5D276 /* ViewController.swift */,
				DA73DA3D286478C70051B60B /* CatsViewController.swift */,
				DA73DA3F28647DA50051B60B /* SquareViewController.swift */,
				DA73DA41286487220051B60B /* MoveCircleVIewController.swift */,
				DADB55142861F42400C5D276 /* Main.storyboard */,
				DADB55172861F42500C5D276 /* Assets.xcassets */,
				DADB55192861F42500C5D276 /* LaunchScreen.storyboard */,
				DADB551C2861F42500C5D276 /* Info.plist */,
			);
			path = "Home work 6";
			sourceTree = "<group>";
		};
/* End PBXGroup section */

/* Begin PBXNativeTarget section */
		DADB550A2861F42400C5D276 /* Home work 6 */ = {
			isa = PBXNativeTarget;
			buildConfigurationList = DADB551F2861F42500C5D276 /* Build configuration list for PBXNativeTarget "Home work 6" */;
			buildPhases = (
				DADB55072861F42400C5D276 /* Sources */,
				DADB55082861F42400C5D276 /* Frameworks */,
				DADB55092861F42400C5D276 /* Resources */,
			);
			buildRules = (
			);
			dependencies = (
			);
			name = "Home work 6";
			productName = "Home work 6";
			productReference = DADB550B2861F42400C5D276 /* Home work 6.app */;
			productType = "com.apple.product-type.application";
		};
/* End PBXNativeTarget section */

/* Begin PBXProject section */
		DADB55032861F42400C5D276 /* Project object */ = {
			isa = PBXProject;
			attributes = {
				BuildIndependentTargetsInParallel = 1;
				LastSwiftUpdateCheck = 1340;
				LastUpgradeCheck = 1340;
				TargetAttributes = {
					DADB550A2861F42400C5D276 = {
						CreatedOnToolsVersion = 13.4.1;
					};
				};
			};
			buildConfigurationList = DADB55062861F42400C5D276 /* Build configuration list for PBXProject "Home work 6" */;
			compatibilityVersion = "Xcode 13.0";
			developmentRegion = en;
			hasScannedForEncodings = 0;
			knownRegions = (
				en,
				Base,
			);
			mainGroup = DADB55022861F42400C5D276;
			productRefGroup = DADB550C2861F42400C5D276 /* Products */;
			projectDirPath = "";
			projectRoot = "";
			targets = (
				DADB550A2861F42400C5D276 /* Home work 6 */,
			);
		};
/* End PBXProject section */

/* Begin PBXResourcesBuildPhase section */
		DADB55092861F42400C5D276 /* Resources */ = {
			isa = PBXResourcesBuildPhase;
			buildActionMask = 2147483647;
			files = (
				DADB551B2861F42500C5D276 /* LaunchScreen.storyboard in Resources */,
				DADB55182861F42500C5D276 /* Assets.xcassets in Resources */,
				DADB55162861F42400C5D276 /* Main.storyboard in Resources */,
			);
			runOnlyForDeploymentPostprocessing = 0;
		};
/* End PBXResourcesBuildPhase section */

/* Begin PBXSourcesBuildPhase section */
		DADB55072861F42400C5D276 /* Sources */ = {
			isa = PBXSourcesBuildPhase;
			buildActionMask = 2147483647;
			files = (
				DA73DA3E286478C70051B60B /* CatsViewController.swift in Sources */,
				DADB55132861F42400C5D276 /* ViewController.swift in Sources */,
				DADB550F2861F42400C5D276 /* AppDelegate.swift in Sources */,
				DA73DA42286487220051B60B /* MoveCircleVIewController.swift in Sources */,
				DA73DA4028647DA50051B60B /* SquareViewController.swift in Sources */,
				DADB55112861F42400C5D276 /* SceneDelegate.swift in Sources */,
			);
			runOnlyForDeploymentPostprocessing = 0;
		};
/* End PBXSourcesBuildPhase section */

/* Begin PBXVariantGroup section */
		DADB55142861F42400C5D276 /* Main.storyboard */ = {
			isa = PBXVariantGroup;
			children = (
				DADB55152861F42400C5D276 /* Base */,
			);
			name = Main.storyboard;
			sourceTree = "<group>";
		};
		DADB55192861F42500C5D276 /* LaunchScreen.storyboard */ = {
			isa = PBXVariantGroup;
			children = (
				DADB551A2861F42500C5D276 /* Base */,
			);
			name = LaunchScreen.storyboard;
			sourceTree = "<group>";
		};
/* End PBXVariantGroup section */

/* Begin XCBuildConfiguration section */
		DADB551D2861F42500C5D276 /* Debug */ = {
			isa = XCBuildConfiguration;
			buildSettings = {
				ALWAYS_SEARCH_USER_PATHS = NO;
				CLANG_ANALYZER_NONNULL = YES;
				CLANG_ANALYZER_NUMBER_OBJECT_CONVERSION = YES_AGGRESSIVE;
				CLANG_CXX_LANGUAGE_STANDARD = "gnu++17";
				CLANG_ENABLE_MODULES = YES;
				CLANG_ENABLE_OBJC_ARC = YES;
				CLANG_ENABLE_OBJC_WEAK = YES;
				CLANG_WARN_BLOCK_CAPTURE_AUTORELEASING = YES;
				CLANG_WARN_BOOL_CONVERSION = YES;
				CLANG_WARN_COMMA = YES;
				CLANG_WARN_CONSTANT_CONVERSION = YES;
				CLANG_WARN_DEPRECATED_OBJC_IMPLEMENTATIONS = YES;
				CLANG_WARN_DIRECT_OBJC_ISA_USAGE = YES_ERROR;
				CLANG_WARN_DOCUMENTATION_COMMENTS = YES;
				CLANG_WARN_EMPTY_BODY = YES;
				CLANG_WARN_ENUM_CONVERSION = YES;
				CLANG_WARN_INFINITE_RECURSION = YES;
				CLANG_WARN_INT_CONVERSION = YES;
				CLANG_WARN_NON_LITERAL_NULL_CONVERSION = YES;
				CLANG_WARN_OBJC_IMPLICIT_RETAIN_SELF = YES;
				CLANG_WARN_OBJC_LITERAL_CONVERSION = YES;
				CLANG_WARN_OBJC_ROOT_CLASS = YES_ERROR;
				CLANG_WARN_QUOTED_INCLUDE_IN_FRAMEWORK_HEADER = YES;
				CLANG_WARN_RANGE_LOOP_ANALYSIS = YES;
				CLANG_WARN_STRICT_PROTOTYPES = YES;
				CLANG_WARN_SUSPICIOUS_MOVE = YES;
				CLANG_WARN_UNGUARDED_AVAILABILITY = YES_AGGRESSIVE;
				CLANG_WARN_UNREACHABLE_CODE = YES;
				CLANG_WARN__DUPLICATE_METHOD_MATCH = YES;
				COPY_PHASE_STRIP = NO;
				DEBUG_INFORMATION_FORMAT = dwarf;
				ENABLE_STRICT_OBJC_MSGSEND = YES;
				ENABLE_TESTABILITY = YES;
				GCC_C_LANGUAGE_STANDARD = gnu11;
				GCC_DYNAMIC_NO_PIC = NO;
				GCC_NO_COMMON_BLOCKS = YES;
				GCC_OPTIMIZATION_LEVEL = 0;
				GCC_PREPROCESSOR_DEFINITIONS = (
					"DEBUG=1",
					"$(inherited)",
				);
				GCC_WARN_64_TO_32_BIT_CONVERSION = YES;
				GCC_WARN_ABOUT_RETURN_TYPE = YES_ERROR;
				GCC_WARN_UNDECLARED_SELECTOR = YES;
				GCC_WARN_UNINITIALIZED_AUTOS = YES_AGGRESSIVE;
				GCC_WARN_UNUSED_FUNCTION = YES;
				GCC_WARN_UNUSED_VARIABLE = YES;
				IPHONEOS_DEPLOYMENT_TARGET = 15.5;
				MTL_ENABLE_DEBUG_INFO = INCLUDE_SOURCE;
				MTL_FAST_MATH = YES;
				ONLY_ACTIVE_ARCH = YES;
				SDKROOT = iphoneos;
				SWIFT_ACTIVE_COMPILATION_CONDITIONS = DEBUG;
				SWIFT_OPTIMIZATION_LEVEL = "-Onone";
			};
			name = Debug;
		};
		DADB551E2861F42500C5D276 /* Release */ = {
			isa = XCBuildConfiguration;
			buildSettings = {
				ALWAYS_SEARCH_USER_PATHS = NO;
				CLANG_ANALYZER_NONNULL = YES;
				CLANG_ANALYZER_NUMBER_OBJECT_CONVERSION = YES_AGGRESSIVE;
				CLANG_CXX_LANGUAGE_STANDARD = "gnu++17";
				CLANG_ENABLE_MODULES = YES;
				CLANG_ENABLE_OBJC_ARC = YES;
				CLANG_ENABLE_OBJC_WEAK = YES;
				CLANG_WARN_BLOCK_CAPTURE_AUTORELEASING = YES;
				CLANG_WARN_BOOL_CONVERSION = YES;
				CLANG_WARN_COMMA = YES;
				CLANG_WARN_CONSTANT_CONVERSION = YES;
				CLANG_WARN_DEPRECATED_OBJC_IMPLEMENTATIONS = YES;
				CLANG_WARN_DIRECT_OBJC_ISA_USAGE = YES_ERROR;
				CLANG_WARN_DOCUMENTATION_COMMENTS = YES;
				CLANG_WARN_EMPTY_BODY = YES;
				CLANG_WARN_ENUM_CONVERSION = YES;
				CLANG_WARN_INFINITE_RECURSION = YES;
				CLANG_WARN_INT_CONVERSION = YES;
				CLANG_WARN_NON_LITERAL_NULL_CONVERSION = YES;
				CLANG_WARN_OBJC_IMPLICIT_RETAIN_SELF = YES;
				CLANG_WARN_OBJC_LITERAL_CONVERSION = YES;
				CLANG_WARN_OBJC_ROOT_CLASS = YES_ERROR;
				CLANG_WARN_QUOTED_INCLUDE_IN_FRAMEWORK_HEADER = YES;
				CLANG_WARN_RANGE_LOOP_ANALYSIS = YES;
				CLANG_WARN_STRICT_PROTOTYPES = YES;
				CLANG_WARN_SUSPICIOUS_MOVE = YES;
				CLANG_WARN_UNGUARDED_AVAILABILITY = YES_AGGRESSIVE;
				CLANG_WARN_UNREACHABLE_CODE = YES;
				CLANG_WARN__DUPLICATE_METHOD_MATCH = YES;
				COPY_PHASE_STRIP = NO;
				DEBUG_INFORMATION_FORMAT = "dwarf-with-dsym";
				ENABLE_NS_ASSERTIONS = NO;
				ENABLE_STRICT_OBJC_MSGSEND = YES;
				GCC_C_LANGUAGE_STANDARD = gnu11;
				GCC_NO_COMMON_BLOCKS = YES;
				GCC_WARN_64_TO_32_BIT_CONVERSION = YES;
				GCC_WARN_ABOUT_RETURN_TYPE = YES_ERROR;
				GCC_WARN_UNDECLARED_SELECTOR = YES;
				GCC_WARN_UNINITIALIZED_AUTOS = YES_AGGRESSIVE;
				GCC_WARN_UNUSED_FUNCTION = YES;
				GCC_WARN_UNUSED_VARIABLE = YES;
				IPHONEOS_DEPLOYMENT_TARGET = 15.5;
				MTL_ENABLE_DEBUG_INFO = NO;
				MTL_FAST_MATH = YES;
				SDKROOT = iphoneos;
				SWIFT_COMPILATION_MODE = wholemodule;
				SWIFT_OPTIMIZATION_LEVEL = "-O";
				VALIDATE_PRODUCT = YES;
			};
			name = Release;
		};
		DADB55202861F42500C5D276 /* Debug */ = {
			isa = XCBuildConfiguration;
			buildSettings = {
				ASSETCATALOG_COMPILER_APPICON_NAME = AppIcon;
				ASSETCATALOG_COMPILER_GLOBAL_ACCENT_COLOR_NAME = AccentColor;
				CODE_SIGN_STYLE = Automatic;
				CURRENT_PROJECT_VERSION = 1;
				DEVELOPMENT_TEAM = 4XKQ66453D;
				GENERATE_INFOPLIST_FILE = YES;
				INFOPLIST_FILE = "Home work 6/Info.plist";
				INFOPLIST_KEY_UIApplicationSupportsIndirectInputEvents = YES;
				INFOPLIST_KEY_UILaunchStoryboardName = LaunchScreen;
				INFOPLIST_KEY_UIMainStoryboardFile = Main;
				INFOPLIST_KEY_UISupportedInterfaceOrientations_iPad = "UIInterfaceOrientationPortrait UIInterfaceOrientationPortraitUpsideDown UIInterfaceOrientationLandscapeLeft UIInterfaceOrientationLandscapeRight";
				INFOPLIST_KEY_UISupportedInterfaceOrientations_iPhone = "UIInterfaceOrientationPortrait UIInterfaceOrientationLandscapeLeft UIInterfaceOrientationLandscapeRight";
				LD_RUNPATH_SEARCH_PATHS = (
					"$(inherited)",
					"@executable_path/Frameworks",
				);
				MARKETING_VERSION = 1.0;
				PRODUCT_BUNDLE_IDENTIFIER = "com.aliaksandr.hunko.Home-work-6";
				PRODUCT_NAME = "$(TARGET_NAME)";
				SWIFT_EMIT_LOC_STRINGS = YES;
				SWIFT_VERSION = 5.0;
				TARGETED_DEVICE_FAMILY = "1,2";
			};
			name = Debug;
		};
		DADB55212861F42500C5D276 /* Release */ = {
			isa = XCBuildConfiguration;
			buildSettings = {
				ASSETCATALOG_COMPILER_APPICON_NAME = AppIcon;
				ASSETCATALOG_COMPILER_GLOBAL_ACCENT_COLOR_NAME = AccentColor;
				CODE_SIGN_STYLE = Automatic;
				CURRENT_PROJECT_VERSION = 1;
				DEVELOPMENT_TEAM = 4XKQ66453D;
				GENERATE_INFOPLIST_FILE = YES;
				INFOPLIST_FILE = "Home work 6/Info.plist";
				INFOPLIST_KEY_UIApplicationSupportsIndirectInputEvents = YES;
				INFOPLIST_KEY_UILaunchStoryboardName = LaunchScreen;
				INFOPLIST_KEY_UIMainStoryboardFile = Main;
				INFOPLIST_KEY_UISupportedInterfaceOrientations_iPad = "UIInterfaceOrientationPortrait UIInterfaceOrientationPortraitUpsideDown UIInterfaceOrientationLandscapeLeft UIInterfaceOrientationLandscapeRight";
				INFOPLIST_KEY_UISupportedInterfaceOrientations_iPhone = "UIInterfaceOrientationPortrait UIInterfaceOrientationLandscapeLeft UIInterfaceOrientationLandscapeRight";
				LD_RUNPATH_SEARCH_PATHS = (
					"$(inherited)",
					"@executable_path/Frameworks",
				);
				MARKETING_VERSION = 1.0;
				PRODUCT_BUNDLE_IDENTIFIER = "com.aliaksandr.hunko.Home-work-6";
				PRODUCT_NAME = "$(TARGET_NAME)";
				SWIFT_EMIT_LOC_STRINGS = YES;
				SWIFT_VERSION = 5.0;
				TARGETED_DEVICE_FAMILY = "1,2";
			};
			name = Release;
		};
/* End XCBuildConfiguration section */

/* Begin XCConfigurationList section */
		DADB55062861F42400C5D276 /* Build configuration list for PBXProject "Home work 6" */ = {
			isa = XCConfigurationList;
			buildConfigurations = (
				DADB551D2861F42500C5D276 /* Debug */,
				DADB551E2861F42500C5D276 /* Release */,
			);
			defaultConfigurationIsVisible = 0;
			defaultConfigurationName = Release;
		};
		DADB551F2861F42500C5D276 /* Build configuration list for PBXNativeTarget "Home work 6" */ = {
			isa = XCConfigurationList;
			buildConfigurations = (
				DADB55202861F42500C5D276 /* Debug */,
				DADB55212861F42500C5D276 /* Release */,
			);
			defaultConfigurationIsVisible = 0;
			defaultConfigurationName = Release;
		};
/* End XCConfigurationList section */
	};
	rootObject = DADB55032861F42400C5D276 /* Project object */;
}
